Microsoft Visual Studio Solution File, Format Version 9.00
# Visual Studio 2005
Project("{2150E333-8FDC-42A3-9474-1A3956D46DE8}") = "ProgrammerGuide", "ProgrammerGuide", "{1BBA9999-79C5-4995-A461-486D1DA2DB15}"
EndProject
Project("{FAE04EC0-301F-11D3-BF4B-00C04F79EFBC}") = "ConcatTIFFImages", "ProgrammerGuide\ConcatTIFFImages\CSharp\ConcatTIFFImages.csproj", "{4DC74CBE-66F4-4382-BBAA-C8091D751FFE}"
EndProject
Project("{FAE04EC0-301F-11D3-BF4B-00C04F79EFBC}") = "AddWatermarkToImage", "ProgrammerGuide\AddWatermarkToImage\CSharp\AddWatermarkToImage.csproj", "{159AC43A-C3A6-4A49-A656-981AEF687E8E}"
EndProject
Project("{FAE04EC0-301F-11D3-BF4B-00C04F79EFBC}") = "AddFramesToTIFFImage", "ProgrammerGuide\AddFramesToTIFFImage\CSharp\AddFramesToTIFFImage.csproj", "{5B0DC79F-A260-4499-8B77-B3C51B3AF632}"
EndProject
Project("{2150E333-8FDC-42A3-9474-1A3956D46DE8}") = "DrawingImages", "DrawingImages", "{FBA07773-7D14-42D4-A941-EC2E6589109B}"
EndProject
Project("{FAE04EC0-301F-11D3-BF4B-00C04F79EFBC}") = "DrawImagesUsingCoreFunctionality", "ProgrammerGuide\DrawingImages\DrawImagesUsingCoreFunctionality\CSharp\DrawImagesUsingCoreFunctionality.csproj", "{2D2520F5-DAA5-4294-81BF-5D1CA2607D83}"
EndProject
Project("{2150E333-8FDC-42A3-9474-1A3956D46DE8}") = "DrawImagesUsingAdvancedFunctionality", "DrawImagesUsingAdvancedFunctionality", "{F090FE01-1A0A-4A38-9317-DD4AD8813D43}"
EndProject
Project("{FAE04EC0-301F-11D3-BF4B-00C04F79EFBC}") = "DrawingUsingGraphicsPath", "ProgrammerGuide\DrawingImages\DrawImagesUsingAdvancedFunctionality\DrawingUsingGraphicsPath\CSharp\DrawingUsingGraphicsPath.csproj", "{16822E04-ECE4-448C-B960-4D83ED36057A}"
EndProject
Project("{2150E333-8FDC-42A3-9474-1A3956D46DE8}") = "ExportingImages", "ExportingImages", "{AA104A13-5FD4-475B-BB9D-5007B8B31D97}"
EndProject
Project("{FAE04EC0-301F-11D3-BF4B-00C04F79EFBC}") = "ExportImageToPSD", "ProgrammerGuide\ExportingImages\ExportImageToPSD\CSharp\ExportImageToPSD.csproj", "{B41ABD09-3E81-44D7-B4CC-D546217F9DEE}"
EndProject
Project("{FAE04EC0-301F-11D3-BF4B-00C04F79EFBC}") = "ExportImageToDifferentFormats", "ProgrammerGuide\ExportingImages\ExportImageToDifferentFormats\CSharp\ExportImageToDifferentFormats.csproj", "{E51956FD-9B23-4397-9EB0-30D7428C647E}"
EndProject
Project("{2150E333-8FDC-42A3-9474-1A3956D46DE8}") = "DrawingShapes", "DrawingShapes", "{4E6BA18F-38DB-4412-B0A7-D1A7D47286B3}"
EndProject
Project("{FAE04EC0-301F-11D3-BF4B-00C04F79EFBC}") = "DrawingArc", "ProgrammerGuide\DrawingShapes\DrawingArc\CSharp\DrawingArc.csproj", "{752B29B7-8433-4791-A2D1-82A230047E0D}"
EndProject
Project("{FAE04EC0-301F-11D3-BF4B-00C04F79EFBC}") = "DrawingEllipse", "ProgrammerGuide\DrawingShapes\DrawingEllipse\CSharp\DrawingEllipse.csproj", "{9D50C60C-7CF0-47EF-94CE-F5870AC9F027}"
EndProject
Project("{FAE04EC0-301F-11D3-BF4B-00C04F79EFBC}") = "DrawingLines", "ProgrammerGuide\DrawingShapes\DrawingLines\CSharp\DrawingLines.csproj", "{4732A12D-3841-4102-A7D5-281E0B8DEFF2}"
EndProject
Project("{FAE04EC0-301F-11D3-BF4B-00C04F79EFBC}") = "DrawingBezier", "ProgrammerGuide\DrawingShapes\DrawingBezier\CSharp\DrawingBezier.csproj", "{FC991719-E164-4465-BAC4-27EBB8AAE788}"
EndProject
Project("{FAE04EC0-301F-11D3-BF4B-00C04F79EFBC}") = "DrawingRectangle", "ProgrammerGuide\DrawingShapes\DrawingRectangle\CSharp\DrawingRectangle.csproj", "{62004644-A9F8-416E-BF8E-2D82FDF4D473}"
EndProject
Project("{2150E333-8FDC-42A3-9474-1A3956D46DE8}") = "WorkingWithImagefiles", "WorkingWithImagefiles", "{A32DB762-DE61-4BF4-B8AC-73F58EB5370D}"
EndProject
Project("{2150E333-8FDC-42A3-9474-1A3956D46DE8}") = "CreatingImagefiles", "CreatingImagefiles", "{C4802E96-898F-4C87-9AC8-62D29B87EAB5}"
EndProject
Project("{FAE04EC0-301F-11D3-BF4B-00C04F79EFBC}") = "CreatingAnImageBySettingPath", "ProgrammerGuide\WorkingWithImagefiles\CreatingImagefiles\CreatingAnImageBySettingPath\CSharp\CreatingAnImageBySettingPath.csproj", "{8A0C8D2C-BE74-416D-B6E0-082B5EEA5767}"
EndProject
Project("{FAE04EC0-301F-11D3-BF4B-00C04F79EFBC}") = "CreatingImageUsingStream", "ProgrammerGuide\WorkingWithImagefiles\CreatingImagefiles\CreatingImageUsingStream\CSharp\CreatingImageUsingStream.csproj", "{EDB0CD66-88F7-41EA-882F-5AE6CB300C04}"
EndProject
Global
	GlobalSection(SolutionConfigurationPlatforms) = preSolution
		Debug|Any CPU = Debug|Any CPU
		Release|Any CPU = Release|Any CPU
	EndGlobalSection
	GlobalSection(ProjectConfigurationPlatforms) = postSolution
		{4DC74CBE-66F4-4382-BBAA-C8091D751FFE}.Debug|Any CPU.ActiveCfg = Debug|Any CPU
		{4DC74CBE-66F4-4382-BBAA-C8091D751FFE}.Debug|Any CPU.Build.0 = Debug|Any CPU
		{4DC74CBE-66F4-4382-BBAA-C8091D751FFE}.Release|Any CPU.ActiveCfg = Release|Any CPU
		{159AC43A-C3A6-4A49-A656-981AEF687E8E}.Debug|Any CPU.ActiveCfg = Debug|Any CPU
		{159AC43A-C3A6-4A49-A656-981AEF687E8E}.Debug|Any CPU.Build.0 = Debug|Any CPU
		{159AC43A-C3A6-4A49-A656-981AEF687E8E}.Release|Any CPU.ActiveCfg = Release|Any CPU
		{5B0DC79F-A260-4499-8B77-B3C51B3AF632}.Debug|Any CPU.ActiveCfg = Debug|Any CPU
		{5B0DC79F-A260-4499-8B77-B3C51B3AF632}.Debug|Any CPU.Build.0 = Debug|Any CPU
		{5B0DC79F-A260-4499-8B77-B3C51B3AF632}.Release|Any CPU.ActiveCfg = Release|Any CPU
		{2D2520F5-DAA5-4294-81BF-5D1CA2607D83}.Debug|Any CPU.ActiveCfg = Debug|Any CPU
		{2D2520F5-DAA5-4294-81BF-5D1CA2607D83}.Debug|Any CPU.Build.0 = Debug|Any CPU
		{2D2520F5-DAA5-4294-81BF-5D1CA2607D83}.Release|Any CPU.ActiveCfg = Release|Any CPU
		{16822E04-ECE4-448C-B960-4D83ED36057A}.Debug|Any CPU.ActiveCfg = Debug|Any CPU
		{16822E04-ECE4-448C-B960-4D83ED36057A}.Debug|Any CPU.Build.0 = Debug|Any CPU
		{16822E04-ECE4-448C-B960-4D83ED36057A}.Release|Any CPU.ActiveCfg = Release|Any CPU
		{B41ABD09-3E81-44D7-B4CC-D546217F9DEE}.Debug|Any CPU.ActiveCfg = Debug|Any CPU
		{B41ABD09-3E81-44D7-B4CC-D546217F9DEE}.Debug|Any CPU.Build.0 = Debug|Any CPU
		{B41ABD09-3E81-44D7-B4CC-D546217F9DEE}.Release|Any CPU.ActiveCfg = Release|Any CPU
		{E51956FD-9B23-4397-9EB0-30D7428C647E}.Debug|Any CPU.ActiveCfg = Debug|Any CPU
		{E51956FD-9B23-4397-9EB0-30D7428C647E}.Debug|Any CPU.Build.0 = Debug|Any CPU
		{E51956FD-9B23-4397-9EB0-30D7428C647E}.Release|Any CPU.ActiveCfg = Release|Any CPU
		{752B29B7-8433-4791-A2D1-82A230047E0D}.Debug|Any CPU.ActiveCfg = Debug|Any CPU
		{752B29B7-8433-4791-A2D1-82A230047E0D}.Debug|Any CPU.Build.0 = Debug|Any CPU
		{752B29B7-8433-4791-A2D1-82A230047E0D}.Release|Any CPU.ActiveCfg = Release|Any CPU
		{9D50C60C-7CF0-47EF-94CE-F5870AC9F027}.Debug|Any CPU.ActiveCfg = Debug|Any CPU
		{9D50C60C-7CF0-47EF-94CE-F5870AC9F027}.Debug|Any CPU.Build.0 = Debug|Any CPU
		{9D50C60C-7CF0-47EF-94CE-F5870AC9F027}.Release|Any CPU.ActiveCfg = Release|Any CPU
		{4732A12D-3841-4102-A7D5-281E0B8DEFF2}.Debug|Any CPU.ActiveCfg = Debug|Any CPU
		{4732A12D-3841-4102-A7D5-281E0B8DEFF2}.Debug|Any CPU.Build.0 = Debug|Any CPU
		{4732A12D-3841-4102-A7D5-281E0B8DEFF2}.Release|Any CPU.ActiveCfg = Release|Any CPU
		{FC991719-E164-4465-BAC4-27EBB8AAE788}.Debug|Any CPU.ActiveCfg = Debug|Any CPU
		{FC991719-E164-4465-BAC4-27EBB8AAE788}.Debug|Any CPU.Build.0 = Debug|Any CPU
		{FC991719-E164-4465-BAC4-27EBB8AAE788}.Release|Any CPU.ActiveCfg = Release|Any CPU
		{62004644-A9F8-416E-BF8E-2D82FDF4D473}.Debug|Any CPU.ActiveCfg = Debug|Any CPU
		{62004644-A9F8-416E-BF8E-2D82FDF4D473}.Debug|Any CPU.Build.0 = Debug|Any CPU
		{62004644-A9F8-416E-BF8E-2D82FDF4D473}.Release|Any CPU.ActiveCfg = Release|Any CPU
		{8A0C8D2C-BE74-416D-B6E0-082B5EEA5767}.Debug|Any CPU.ActiveCfg = Debug|Any CPU
		{8A0C8D2C-BE74-416D-B6E0-082B5EEA5767}.Debug|Any CPU.Build.0 = Debug|Any CPU
		{8A0C8D2C-BE74-416D-B6E0-082B5EEA5767}.Release|Any CPU.ActiveCfg = Release|Any CPU
		{EDB0CD66-88F7-41EA-882F-5AE6CB300C04}.Debug|Any CPU.ActiveCfg = Debug|Any CPU
		{EDB0CD66-88F7-41EA-882F-5AE6CB300C04}.Debug|Any CPU.Build.0 = Debug|Any CPU
		{EDB0CD66-88F7-41EA-882F-5AE6CB300C04}.Release|Any CPU.ActiveCfg = Release|Any CPU
	EndGlobalSection
	GlobalSection(SolutionProperties) = preSolution
		HideSolutionNode = FALSE
	EndGlobalSection
	GlobalSection(NestedProjects) = preSolution
		{4DC74CBE-66F4-4382-BBAA-C8091D751FFE} = {1BBA9999-79C5-4995-A461-486D1DA2DB15}
		{159AC43A-C3A6-4A49-A656-981AEF687E8E} = {1BBA9999-79C5-4995-A461-486D1DA2DB15}
		{5B0DC79F-A260-4499-8B77-B3C51B3AF632} = {1BBA9999-79C5-4995-A461-486D1DA2DB15}
		{FBA07773-7D14-42D4-A941-EC2E6589109B} = {1BBA9999-79C5-4995-A461-486D1DA2DB15}
		{2D2520F5-DAA5-4294-81BF-5D1CA2607D83} = {FBA07773-7D14-42D4-A941-EC2E6589109B}
		{F090FE01-1A0A-4A38-9317-DD4AD8813D43} = {FBA07773-7D14-42D4-A941-EC2E6589109B}
		{16822E04-ECE4-448C-B960-4D83ED36057A} = {F090FE01-1A0A-4A38-9317-DD4AD8813D43}
		{AA104A13-5FD4-475B-BB9D-5007B8B31D97} = {1BBA9999-79C5-4995-A461-486D1DA2DB15}
		{B41ABD09-3E81-44D7-B4CC-D546217F9DEE} = {AA104A13-5FD4-475B-BB9D-5007B8B31D97}
		{E51956FD-9B23-4397-9EB0-30D7428C647E} = {AA104A13-5FD4-475B-BB9D-5007B8B31D97}
		{4E6BA18F-38DB-4412-B0A7-D1A7D47286B3} = {1BBA9999-79C5-4995-A461-486D1DA2DB15}
		{752B29B7-8433-4791-A2D1-82A230047E0D} = {4E6BA18F-38DB-4412-B0A7-D1A7D47286B3}
		{9D50C60C-7CF0-47EF-94CE-F5870AC9F027} = {4E6BA18F-38DB-4412-B0A7-D1A7D47286B3}
		{4732A12D-3841-4102-A7D5-281E0B8DEFF2} = {4E6BA18F-38DB-4412-B0A7-D1A7D47286B3}
		{FC991719-E164-4465-BAC4-27EBB8AAE788} = {4E6BA18F-38DB-4412-B0A7-D1A7D47286B3}
		{62004644-A9F8-416E-BF8E-2D82FDF4D473} = {4E6BA18F-38DB-4412-B0A7-D1A7D47286B3}
		{A32DB762-DE61-4BF4-B8AC-73F58EB5370D} = {1BBA9999-79C5-4995-A461-486D1DA2DB15}
		{C4802E96-898F-4C87-9AC8-62D29B87EAB5} = {A32DB762-DE61-4BF4-B8AC-73F58EB5370D}
		{8A0C8D2C-BE74-416D-B6E0-082B5EEA5767} = {C4802E96-898F-4C87-9AC8-62D29B87EAB5}
		{EDB0CD66-88F7-41EA-882F-5AE6CB300C04} = {C4802E96-898F-4C87-9AC8-62D29B87EAB5}
	EndGlobalSection
EndGlobal
